
Microsoft Visual Studio Solution File, Format Version 12.00
# Visual Studio Version 17
VisualStudioVersion = 17.1.32319.34
MinimumVisualStudioVersion = 10.0.40219.1
Project("{FAE04EC0-301F-11D3-BF4B-00C04F79EFBC}") = "AtividadeMapa", "AtividadeMapa\AtividadeMapa.csproj", "{2915DB7C-DC2C-41A9-862B-E59F70894CF1}"
EndProject
Global
	GlobalSection(SolutionConfigurationPlatforms) = preSolution
		Debug|Any CPU = Debug|Any CPU
		Release|Any CPU = Release|Any CPU
	EndGlobalSection
	GlobalSection(ProjectConfigurationPlatforms) = postSolution
		{2915DB7C-DC2C-41A9-862B-E59F70894CF1}.Debug|Any CPU.ActiveCfg = Debug|Any CPU
		{2915DB7C-DC2C-41A9-862B-E59F70894CF1}.Debug|Any CPU.Build.0 = Debug|Any CPU
		{2915DB7C-DC2C-41A9-862B-E59F70894CF1}.Release|Any CPU.ActiveCfg = Release|Any CPU
		{2915DB7C-DC2C-41A9-862B-E59F70894CF1}.Release|Any CPU.Build.0 = Release|Any CPU
	EndGlobalSection
	GlobalSection(SolutionProperties) = preSolution
		HideSolutionNode = FALSE
	EndGlobalSection
	GlobalSection(ExtensibilityGlobals) = postSolution
		SolutionGuid = {FB825167-2AA8-4FA1-9294-9F2F2378E309}
	EndGlobalSection
EndGlobal
